
Microsoft Visual Studio Solution File, Format Version 12.00
# Visual Studio 15
Project("{FAE04EC0-301F-11D3-BF4B-00C04F79EFBC}") = "MvxApp.Core", "MvxApp\MvxApp.Core.csproj", "{10FC669F-2B93-4EF2-BFFC-78E62259E164}"
EndProject
Project("{FAE04EC0-301F-11D3-BF4B-00C04F79EFBC}") = "MvxApp.Droid", "Droid\MvxApp.Droid.csproj", "{867CBD7B-7082-4B90-9CAA-61BF6EE356C0}"
EndProject
Project("{FAE04EC0-301F-11D3-BF4B-00C04F79EFBC}") = "MvxApp.iOS", "iOS\MvxApp.iOS.csproj", "{89A637F4-0D56-4F78-BC19-BFB0D6471E38}"
EndProject
Global
	GlobalSection(SolutionConfigurationPlatforms) = preSolution
		Debug|Any CPU = Debug|Any CPU
		Release|Any CPU = Release|Any CPU
		Debug|iPhoneSimulator = Debug|iPhoneSimulator
		Release|iPhone = Release|iPhone
		Release|iPhoneSimulator = Release|iPhoneSimulator
		Debug|iPhone = Debug|iPhone
	EndGlobalSection
	GlobalSection(ProjectConfigurationPlatforms) = postSolution
		{10FC669F-2B93-4EF2-BFFC-78E62259E164}.Debug|Any CPU.ActiveCfg = Debug|Any CPU
		{10FC669F-2B93-4EF2-BFFC-78E62259E164}.Debug|Any CPU.Build.0 = Debug|Any CPU
		{10FC669F-2B93-4EF2-BFFC-78E62259E164}.Release|Any CPU.ActiveCfg = Release|Any CPU
		{10FC669F-2B93-4EF2-BFFC-78E62259E164}.Release|Any CPU.Build.0 = Release|Any CPU
		{10FC669F-2B93-4EF2-BFFC-78E62259E164}.Debug|iPhoneSimulator.ActiveCfg = Debug|Any CPU
		{10FC669F-2B93-4EF2-BFFC-78E62259E164}.Debug|iPhoneSimulator.Build.0 = Debug|Any CPU
		{10FC669F-2B93-4EF2-BFFC-78E62259E164}.Release|iPhone.ActiveCfg = Release|Any CPU
		{10FC669F-2B93-4EF2-BFFC-78E62259E164}.Release|iPhone.Build.0 = Release|Any CPU
		{10FC669F-2B93-4EF2-BFFC-78E62259E164}.Release|iPhoneSimulator.ActiveCfg = Release|Any CPU
		{10FC669F-2B93-4EF2-BFFC-78E62259E164}.Release|iPhoneSimulator.Build.0 = Release|Any CPU
		{10FC669F-2B93-4EF2-BFFC-78E62259E164}.Debug|iPhone.ActiveCfg = Debug|Any CPU
		{10FC669F-2B93-4EF2-BFFC-78E62259E164}.Debug|iPhone.Build.0 = Debug|Any CPU
		{867CBD7B-7082-4B90-9CAA-61BF6EE356C0}.Debug|Any CPU.ActiveCfg = Debug|Any CPU
		{867CBD7B-7082-4B90-9CAA-61BF6EE356C0}.Debug|Any CPU.Build.0 = Debug|Any CPU
		{867CBD7B-7082-4B90-9CAA-61BF6EE356C0}.Release|Any CPU.ActiveCfg = Release|Any CPU
		{867CBD7B-7082-4B90-9CAA-61BF6EE356C0}.Release|Any CPU.Build.0 = Release|Any CPU
		{867CBD7B-7082-4B90-9CAA-61BF6EE356C0}.Debug|iPhoneSimulator.ActiveCfg = Debug|Any CPU
		{867CBD7B-7082-4B90-9CAA-61BF6EE356C0}.Debug|iPhoneSimulator.Build.0 = Debug|Any CPU
		{867CBD7B-7082-4B90-9CAA-61BF6EE356C0}.Release|iPhone.ActiveCfg = Release|Any CPU
		{867CBD7B-7082-4B90-9CAA-61BF6EE356C0}.Release|iPhone.Build.0 = Release|Any CPU
		{867CBD7B-7082-4B90-9CAA-61BF6EE356C0}.Release|iPhoneSimulator.ActiveCfg = Release|Any CPU
		{867CBD7B-7082-4B90-9CAA-61BF6EE356C0}.Release|iPhoneSimulator.Build.0 = Release|Any CPU
		{867CBD7B-7082-4B90-9CAA-61BF6EE356C0}.Debug|iPhone.ActiveCfg = Debug|Any CPU
		{867CBD7B-7082-4B90-9CAA-61BF6EE356C0}.Debug|iPhone.Build.0 = Debug|Any CPU
		{89A637F4-0D56-4F78-BC19-BFB0D6471E38}.Debug|Any CPU.ActiveCfg = Debug|iPhoneSimulator
		{89A637F4-0D56-4F78-BC19-BFB0D6471E38}.Debug|Any CPU.Build.0 = Debug|iPhoneSimulator
		{89A637F4-0D56-4F78-BC19-BFB0D6471E38}.Release|Any CPU.ActiveCfg = Release|iPhone
		{89A637F4-0D56-4F78-BC19-BFB0D6471E38}.Release|Any CPU.Build.0 = Release|iPhone
		{89A637F4-0D56-4F78-BC19-BFB0D6471E38}.Debug|iPhoneSimulator.ActiveCfg = Debug|iPhoneSimulator
		{89A637F4-0D56-4F78-BC19-BFB0D6471E38}.Debug|iPhoneSimulator.Build.0 = Debug|iPhoneSimulator
		{89A637F4-0D56-4F78-BC19-BFB0D6471E38}.Release|iPhone.ActiveCfg = Release|iPhone
		{89A637F4-0D56-4F78-BC19-BFB0D6471E38}.Release|iPhone.Build.0 = Release|iPhone
		{89A637F4-0D56-4F78-BC19-BFB0D6471E38}.Release|iPhoneSimulator.ActiveCfg = Release|iPhoneSimulator
		{89A637F4-0D56-4F78-BC19-BFB0D6471E38}.Release|iPhoneSimulator.Build.0 = Release|iPhoneSimulator
		{89A637F4-0D56-4F78-BC19-BFB0D6471E38}.Debug|iPhone.ActiveCfg = Debug|iPhone
		{89A637F4-0D56-4F78-BC19-BFB0D6471E38}.Debug|iPhone.Build.0 = Debug|iPhone
	EndGlobalSection
EndGlobal
